PODS:
  - amani_flutter_sdk (0.0.15):
    - AmaniSDK (~> 3.4.7)
    - AmaniUI (~> 1.2.4)
    - Flutter
  - AmaniSDK (3.4.21):
    - OpenSSL-Universal (= 1.1.2301)
  - AmaniUI (1.2.9):
    - AmaniSDK (~> 3.4)
    - lottie-ios (~> 4.5)
  - Flutter (1.0.0)
  - lottie-ios (4.5.2)
  - OpenSSL-Universal (1.1.2301)
  - path_provider_foundation (0.0.1):
    - Flutter
    - FlutterMacOS

DEPENDENCIES:
  - amani_flutter_sdk (from `.symlinks/plugins/amani_flutter_sdk/ios`)
  - Flutter (from `Flutter`)
  - path_provider_foundation (from `.symlinks/plugins/path_provider_foundation/darwin`)

SPEC REPOS:
  https://github.com/AmaniTechnologiesLtd/Mobile_SDK_Repo:
    - AmaniSDK
    - AmaniUI
  trunk:
    - lottie-ios
    - OpenSSL-Universal

EXTERNAL SOURCES:
  amani_flutter_sdk:
    :path: ".symlinks/plugins/amani_flutter_sdk/ios"
  Flutter:
    :path: Flutter
  path_provider_foundation:
    :path: ".symlinks/plugins/path_provider_foundation/darwin"

SPEC CHECKSUMS:
  amani_flutter_sdk: a5cab92966049423cfbce2a6ef12f3a7af029ff7
  AmaniSDK: 5ba8bde5843c160c893a849afc1ee0193d17ae86
  AmaniUI: 1ac3c3e0d26773c26bdc59ba41db171328411dce
  Flutter: e0871f40cf51350855a761d2e70bf5af5b9b5de7
  lottie-ios: 96784afc26ea031d3e2b6cae342a4b8915072489
  OpenSSL-Universal: ca89c20240633a77c776082ba76b7d90f992bf77
  path_provider_foundation: 2b6b4c569c0fb62ec74538f866245ac84301af46

PODFILE CHECKSUM: d818b241896e6892f7c4bed9359f1463b8885d1d

COCOAPODS: 1.16.2
