PODS:
  - Amani (1.2.33):
    - lottie-ios (~> 3.3.0)
    - OpenSSL-Universal (= 1.1.1100)
  - amanisdk (0.0.3):
    - Amani
    - Flutter
  - Flutter (1.0.0)
  - lottie-ios (3.3.0)
  - OpenSSL-Universal (1.1.1100)

DEPENDENCIES:
  - amanisdk (from `.symlinks/plugins/amanisdk/ios`)
  - Flutter (from `Flutter`)

SPEC REPOS:
  https://github.com/AmaniTechnologiesLtd/Mobile_SDK_Repo:
    - Amani
  https://github.com/CocoaPods/Specs:
    - lottie-ios
    - OpenSSL-Universal

EXTERNAL SOURCES:
  amanisdk:
    :path: ".symlinks/plugins/amanisdk/ios"
  Flutter:
    :path: Flutter

SPEC CHECKSUMS:
  Amani: ae98e3876957725cb07671912f6b81ead94f3594
  amanisdk: d3181f8d27b89f6ea3582ec7201cd23a7fbded60
  Flutter: f04841e97a9d0b0a8025694d0796dd46242b2854
  lottie-ios: 6ac74dcc09904798f59b18cb3075c089d76be9ae
  OpenSSL-Universal: ebc357f1e6bc71fa463ccb2fe676756aff50e88c

PODFILE CHECKSUM: bf4407a1cc530182d246197cf789035d01d9ef1e

COCOAPODS: 1.11.3
